
Microsoft Visual Studio Solution File, Format Version 12.00
# Visual Studio Version 16
VisualStudioVersion = 16.0.30011.22
MinimumVisualStudioVersion = 10.0.40219.1
Project("{FAE04EC0-301F-11D3-BF4B-00C04F79EFBC}") = "EmagAPITest", "EmagAPITest\EmagAPITest.csproj", "{D45A6CF8-48B7-447E-BD5A-CAD3CD067F6D}"
EndProject
Global
	GlobalSection(SolutionConfigurationPlatforms) = preSolution
		Debug|Any CPU = Debug|Any CPU
		Release|Any CPU = Release|Any CPU
	EndGlobalSection
	GlobalSection(ProjectConfigurationPlatforms) = postSolution
		{D45A6CF8-48B7-447E-BD5A-CAD3CD067F6D}.Debug|Any CPU.ActiveCfg = Debug|Any CPU
		{D45A6CF8-48B7-447E-BD5A-CAD3CD067F6D}.Debug|Any CPU.Build.0 = Debug|Any CPU
		{D45A6CF8-48B7-447E-BD5A-CAD3CD067F6D}.Release|Any CPU.ActiveCfg = Release|Any CPU
		{D45A6CF8-48B7-447E-BD5A-CAD3CD067F6D}.Release|Any CPU.Build.0 = Release|Any CPU
	EndGlobalSection
	GlobalSection(SolutionProperties) = preSolution
		HideSolutionNode = FALSE
	EndGlobalSection
	GlobalSection(ExtensibilityGlobals) = postSolution
		SolutionGuid = {DD7FA1A5-6068-45B7-B8B4-91AFD3A884B1}
	EndGlobalSection
EndGlobal
